// !$*UTF8*$!
{
	archiveVersion = 1;
	classes = {
	};
	objectVersion = 51;
	objects = {

/* Begin PBXBuildFile section */
		58F63C363A4A7EECAB331F50 /* Pods_FortuneSpin.framework in Frameworks */ = {isa = PBXBuildFile; fileRef = 4B29D95E04FD2F010B519A59 /* Pods_FortuneSpin.framework */; };
		FB76A37724E592CE00D54F35 /* AppDelegate.swift in Sources */ = {isa = PBXBuildFile; fileRef = FB76A37624E592CE00D54F35 /* AppDelegate.swift */; };
		FB76A37924E592CE00D54F35 /* SceneDelegate.swift in Sources */ = {isa = PBXBuildFile; fileRef = FB76A37824E592CE00D54F35 /* SceneDelegate.swift */; };
		FB76A37B24E592CE00D54F35 /* ViewController.swift in Sources */ = {isa = PBXBuildFile; fileRef = FB76A37A24E592CE00D54F35 /* ViewController.swift */; };
		FB76A37E24E592CE00D54F35 /* Main.storyboard in Resources */ = {isa = PBXBuildFile; fileRef = FB76A37C24E592CE00D54F35 /* Main.storyboard */; };
		FB76A38024E592D000D54F35 /* Assets.xcassets in Resources */ = {isa = PBXBuildFile; fileRef = FB76A37F24E592D000D54F35 /* Assets.xcassets */; };
		FB76A38324E592D000D54F35 /* LaunchScreen.storyboard in Resources */ = {isa = PBXBuildFile; fileRef = FB76A38124E592D000D54F35 /* LaunchScreen.storyboard */; };
/* End PBXBuildFile section */

/* Begin PBXFileReference section */
		4B29D95E04FD2F010B519A59 /* Pods_FortuneSpin.framework */ = {isa = PBXFileReference; explicitFileType = wrapper.framework; includeInIndex = 0; path = Pods_FortuneSpin.framework; sourceTree = BUILT_PRODUCTS_DIR; };
		765F3DA97B523DE8086E9839 /* Pods-FortuneSpin.release.xcconfig */ = {isa = PBXFileReference; includeInIndex = 1; lastKnownFileType = text.xcconfig; name = "Pods-FortuneSpin.release.xcconfig"; path = "Target Support Files/Pods-FortuneSpin/Pods-FortuneSpin.release.xcconfig"; sourceTree = "<group>"; };
		7D0637ABFF2260E5BBBB00A7 /* Pods-FortuneSpin.debug.xcconfig */ = {isa = PBXFileReference; includeInIndex = 1; lastKnownFileType = text.xcconfig; name = "Pods-FortuneSpin.debug.xcconfig"; path = "Target Support Files/Pods-FortuneSpin/Pods-FortuneSpin.debug.xcconfig"; sourceTree = "<group>"; };
		FB76A37324E592CE00D54F35 /* FortuneSpin.app */ = {isa = PBXFileReference; explicitFileType = wrapper.application; includeInIndex = 0; path = FortuneSpin.app; sourceTree = BUILT_PRODUCTS_DIR; };
		FB76A37624E592CE00D54F35 /* AppDelegate.swift */ = {isa = PBXFileReference; lastKnownFileType = sourcecode.swift; path = AppDelegate.swift; sourceTree = "<group>"; };
		FB76A37824E592CE00D54F35 /* SceneDelegate.swift */ = {isa = PBXFileReference; lastKnownFileType = sourcecode.swift; path = SceneDelegate.swift; sourceTree = "<group>"; };
		FB76A37A24E592CE00D54F35 /* ViewController.swift */ = {isa = PBXFileReference; lastKnownFileType = sourcecode.swift; path = ViewController.swift; sourceTree = "<group>"; };
		FB76A37D24E592CE00D54F35 /* Base */ = {isa = PBXFileReference; lastKnownFileType = file.storyboard; name = Base; path = Base.lproj/Main.storyboard; sourceTree = "<group>"; };
		FB76A37F24E592D000D54F35 /* Assets.xcassets */ = {isa = PBXFileReference; lastKnownFileType = folder.assetcatalog; path = Assets.xcassets; sourceTree = "<group>"; };
		FB76A38224E592D000D54F35 /* Base */ = {isa = PBXFileReference; lastKnownFileType = file.storyboard; name = Base; path = Base.lproj/LaunchScreen.storyboard; sourceTree = "<group>"; };
		FB76A38424E592D000D54F35 /* Info.plist */ = {isa = PBXFileReference; lastKnownFileType = text.plist.xml; path = Info.plist; sourceTree = "<group>"; };
/* End PBXFileReference section */

/* Begin PBXFrameworksBuildPhase section */
		FB76A37024E592CE00D54F35 /* Frameworks */ = {
			isa = PBXFrameworksBuildPhase;
			buildActionMask = 2147483647;
			files = (
				58F63C363A4A7EECAB331F50 /* Pods_FortuneSpin.framework in Frameworks */,
			);
			runOnlyForDeploymentPostprocessing = 0;
		};
/* End PBXFrameworksBuildPhase section */

/* Begin PBXGroup section */
		B625987CFD05ED689AF9B364 /* Pods */ = {
			isa = PBXGroup;
			children = (
				7D0637ABFF2260E5BBBB00A7 /* Pods-FortuneSpin.debug.xcconfig */,
				765F3DA97B523DE8086E9839 /* Pods-FortuneSpin.release.xcconfig */,
			);
			path = Pods;
			sourceTree = "<group>";
		};
		E3639C4498A05AC0D11232EA /* Frameworks */ = {
			isa = PBXGroup;
			children = (
				4B29D95E04FD2F010B519A59 /* Pods_FortuneSpin.framework */,
			);
			name = Frameworks;
			sourceTree = "<group>";
		};
		FB76A36A24E592CE00D54F35 = {
			isa = PBXGroup;
			children = (
				FB76A37524E592CE00D54F35 /* FortuneSpin */,
				FB76A37424E592CE00D54F35 /* Products */,
				B625987CFD05ED689AF9B364 /* Pods */,
				E3639C4498A05AC0D11232EA /* Frameworks */,
			);
			sourceTree = "<group>";
		};
		FB76A37424E592CE00D54F35 /* Products */ = {
			isa = PBXGroup;
			children = (
				FB76A37324E592CE00D54F35 /* FortuneSpin.app */,
			);
			name = Products;
			sourceTree = "<group>";
		};
		FB76A37524E592CE00D54F35 /* FortuneSpin */ = {
			isa = PBXGroup;
			children = (
				FB76A38B24E59BB400D54F35 /* Storyboard */,
				FB76A38A24E59BA200D54F35 /* Controller */,
				FB76A37624E592CE00D54F35 /* AppDelegate.swift */,
				FB76A37824E592CE00D54F35 /* SceneDelegate.swift */,
				FB76A37F24E592D000D54F35 /* Assets.xcassets */,
				FB76A38424E592D000D54F35 /* Info.plist */,
			);
			path = FortuneSpin;
			sourceTree = "<group>";
		};
		FB76A38A24E59BA200D54F35 /* Controller */ = {
			isa = PBXGroup;
			children = (
				FB76A37A24E592CE00D54F35 /* ViewController.swift */,
			);
			path = Controller;
			sourceTree = "<group>";
		};
		FB76A38B24E59BB400D54F35 /* Storyboard */ = {
			isa = PBXGroup;
			children = (
				FB76A37C24E592CE00D54F35 /* Main.storyboard */,
				FB76A38124E592D000D54F35 /* LaunchScreen.storyboard */,
			);
			path = Storyboard;
			sourceTree = "<group>";
		};
/* End PBXGroup section */

/* Begin PBXNativeTarget section */
		FB76A37224E592CE00D54F35 /* FortuneSpin */ = {
			isa = PBXNativeTarget;
			buildConfigurationList = FB76A38724E592D000D54F35 /* Build configuration list for PBXNativeTarget "FortuneSpin" */;
			buildPhases = (
				2FEF01A88EC7D7736E3A728B /* [CP] Check Pods Manifest.lock */,
				FB76A36F24E592CE00D54F35 /* Sources */,
				FB76A37024E592CE00D54F35 /* Frameworks */,
				FB76A37124E592CE00D54F35 /* Resources */,
				603D615F9909C4B0FDF6BBAB /* [CP] Embed Pods Frameworks */,
			);
			buildRules = (
			);
			dependencies = (
			);
			name = FortuneSpin;
			productName = FortuneSpin;
			productReference = FB76A37324E592CE00D54F35 /* FortuneSpin.app */;
			productType = "com.apple.product-type.application";
		};
/* End PBXNativeTarget section */

/* Begin PBXProject section */
		FB76A36B24E592CE00D54F35 /* Project object */ = {
			isa = PBXProject;
			attributes = {
				LastSwiftUpdateCheck = 1150;
				LastUpgradeCheck = 1150;
				ORGANIZATIONNAME = "Hồ Sĩ Tuấn";
				TargetAttributes = {
					FB76A37224E592CE00D54F35 = {
						CreatedOnToolsVersion = 11.5;
					};
				};
			};
			buildConfigurationList = FB76A36E24E592CE00D54F35 /* Build configuration list for PBXProject "FortuneSpin" */;
			compatibilityVersion = "Xcode 9.3";
			developmentRegion = en;
			hasScannedForEncodings = 0;
			knownRegions = (
				en,
				Base,
			);
			mainGroup = FB76A36A24E592CE00D54F35;
			productRefGroup = FB76A37424E592CE00D54F35 /* Products */;
			projectDirPath = "";
			projectRoot = "";
			targets = (
				FB76A37224E592CE00D54F35 /* FortuneSpin */,
			);
		};
/* End PBXProject section */

/* Begin PBXResourcesBuildPhase section */
		FB76A37124E592CE00D54F35 /* Resources */ = {
			isa = PBXResourcesBuildPhase;
			buildActionMask = 2147483647;
			files = (
				FB76A38324E592D000D54F35 /* LaunchScreen.storyboard in Resources */,
				FB76A38024E592D000D54F35 /* Assets.xcassets in Resources */,
				FB76A37E24E592CE00D54F35 /* Main.storyboard in Resources */,
			);
			runOnlyForDeploymentPostprocessing = 0;
		};
/* End PBXResourcesBuildPhase section */

/* Begin PBXShellScriptBuildPhase section */
		2FEF01A88EC7D7736E3A728B /* [CP] Check Pods Manifest.lock */ = {
			isa = PBXShellScriptBuildPhase;
			buildActionMask = 2147483647;
			files = (
			);
			inputFileListPaths = (
			);
			inputPaths = (
				"${PODS_PODFILE_DIR_PATH}/Podfile.lock",
				"${PODS_ROOT}/Manifest.lock",
			);
			name = "[CP] Check Pods Manifest.lock";
			outputFileListPaths = (
			);
			outputPaths = (
				"$(DERIVED_FILE_DIR)/Pods-FortuneSpin-checkManifestLockResult.txt",
			);
			runOnlyForDeploymentPostprocessing = 0;
			shellPath = /bin/sh;
			shellScript = "diff \"${PODS_PODFILE_DIR_PATH}/Podfile.lock\" \"${PODS_ROOT}/Manifest.lock\" > /dev/null\nif [ $? != 0 ] ; then\n    # print error to STDERR\n    echo \"error: The sandbox is not in sync with the Podfile.lock. Run 'pod install' or update your CocoaPods installation.\" >&2\n    exit 1\nfi\n# This output is used by Xcode 'outputs' to avoid re-running this script phase.\necho \"SUCCESS\" > \"${SCRIPT_OUTPUT_FILE_0}\"\n";
			showEnvVarsInLog = 0;
		};
		603D615F9909C4B0FDF6BBAB /* [CP] Embed Pods Frameworks */ = {
			isa = PBXShellScriptBuildPhase;
			buildActionMask = 2147483647;
			files = (
			);
			inputFileListPaths = (
				"${PODS_ROOT}/Target Support Files/Pods-FortuneSpin/Pods-FortuneSpin-frameworks-${CONFIGURATION}-input-files.xcfilelist",
			);
			name = "[CP] Embed Pods Frameworks";
			outputFileListPaths = (
				"${PODS_ROOT}/Target Support Files/Pods-FortuneSpin/Pods-FortuneSpin-frameworks-${CONFIGURATION}-output-files.xcfilelist",
			);
			runOnlyForDeploymentPostprocessing = 0;
			shellPath = /bin/sh;
			shellScript = "\"${PODS_ROOT}/Target Support Files/Pods-FortuneSpin/Pods-FortuneSpin-frameworks.sh\"\n";
			showEnvVarsInLog = 0;
		};
/* End PBXShellScriptBuildPhase section */

/* Begin PBXSourcesBuildPhase section */
		FB76A36F24E592CE00D54F35 /* Sources */ = {
			isa = PBXSourcesBuildPhase;
			buildActionMask = 2147483647;
			files = (
				FB76A37B24E592CE00D54F35 /* ViewController.swift in Sources */,
				FB76A37724E592CE00D54F35 /* AppDelegate.swift in Sources */,
				FB76A37924E592CE00D54F35 /* SceneDelegate.swift in Sources */,
			);
			runOnlyForDeploymentPostprocessing = 0;
		};
/* End PBXSourcesBuildPhase section */

/* Begin PBXVariantGroup section */
		FB76A37C24E592CE00D54F35 /* Main.storyboard */ = {
			isa = PBXVariantGroup;
			children = (
				FB76A37D24E592CE00D54F35 /* Base */,
			);
			name = Main.storyboard;
			sourceTree = "<group>";
		};
		FB76A38124E592D000D54F35 /* LaunchScreen.storyboard */ = {
			isa = PBXVariantGroup;
			children = (
				FB76A38224E592D000D54F35 /* Base */,
			);
			name = LaunchScreen.storyboard;
			sourceTree = "<group>";
		};
/* End PBXVariantGroup section */

/* Begin XCBuildConfiguration section */
		FB76A38524E592D000D54F35 /* Debug */ = {
			isa = XCBuildConfiguration;
			buildSettings = {
				ALWAYS_SEARCH_USER_PATHS = NO;
				CLANG_ANALYZER_NONNULL = YES;
				CLANG_ANALYZER_NUMBER_OBJECT_CONVERSION = YES_AGGRESSIVE;
				CLANG_CXX_LANGUAGE_STANDARD = "gnu++14";
				CLANG_CXX_LIBRARY = "libc++";
				CLANG_ENABLE_MODULES = YES;
				CLANG_ENABLE_OBJC_ARC = YES;
				CLANG_ENABLE_OBJC_WEAK = YES;
				CLANG_WARN_BLOCK_CAPTURE_AUTORELEASING = YES;
				CLANG_WARN_BOOL_CONVERSION = YES;
				CLANG_WARN_COMMA = YES;
				CLANG_WARN_CONSTANT_CONVERSION = YES;
				CLANG_WARN_DEPRECATED_OBJC_IMPLEMENTATIONS = YES;
				CLANG_WARN_DIRECT_OBJC_ISA_USAGE = YES_ERROR;
				CLANG_WARN_DOCUMENTATION_COMMENTS = YES;
				CLANG_WARN_EMPTY_BODY = YES;
				CLANG_WARN_ENUM_CONVERSION = YES;
				CLANG_WARN_INFINITE_RECURSION = YES;
				CLANG_WARN_INT_CONVERSION = YES;
				CLANG_WARN_NON_LITERAL_NULL_CONVERSION = YES;
				CLANG_WARN_OBJC_IMPLICIT_RETAIN_SELF = YES;
				CLANG_WARN_OBJC_LITERAL_CONVERSION = YES;
				CLANG_WARN_OBJC_ROOT_CLASS = YES_ERROR;
				CLANG_WARN_RANGE_LOOP_ANALYSIS = YES;
				CLANG_WARN_STRICT_PROTOTYPES = YES;
				CLANG_WARN_SUSPICIOUS_MOVE = YES;
				CLANG_WARN_UNGUARDED_AVAILABILITY = YES_AGGRESSIVE;
				CLANG_WARN_UNREACHABLE_CODE = YES;
				CLANG_WARN__DUPLICATE_METHOD_MATCH = YES;
				COPY_PHASE_STRIP = NO;
				DEBUG_INFORMATION_FORMAT = dwarf;
				ENABLE_STRICT_OBJC_MSGSEND = YES;
				ENABLE_TESTABILITY = YES;
				GCC_C_LANGUAGE_STANDARD = gnu11;
				GCC_DYNAMIC_NO_PIC = NO;
				GCC_NO_COMMON_BLOCKS = YES;
				GCC_OPTIMIZATION_LEVEL = 0;
				GCC_PREPROCESSOR_DEFINITIONS = (
					"DEBUG=1",
					"$(inherited)",
				);
				GCC_WARN_64_TO_32_BIT_CONVERSION = YES;
				GCC_WARN_ABOUT_RETURN_TYPE = YES_ERROR;
				GCC_WARN_UNDECLARED_SELECTOR = YES;
				GCC_WARN_UNINITIALIZED_AUTOS = YES_AGGRESSIVE;
				GCC_WARN_UNUSED_FUNCTION = YES;
				GCC_WARN_UNUSED_VARIABLE = YES;
				IPHONEOS_DEPLOYMENT_TARGET = 13.5;
				MTL_ENABLE_DEBUG_INFO = INCLUDE_SOURCE;
				MTL_FAST_MATH = YES;
				ONLY_ACTIVE_ARCH = YES;
				SDKROOT = iphoneos;
				SWIFT_ACTIVE_COMPILATION_CONDITIONS = DEBUG;
				SWIFT_OPTIMIZATION_LEVEL = "-Onone";
			};
			name = Debug;
		};
		FB76A38624E592D000D54F35 /* Release */ = {
			isa = XCBuildConfiguration;
			buildSettings = {
				ALWAYS_SEARCH_USER_PATHS = NO;
				CLANG_ANALYZER_NONNULL = YES;
				CLANG_ANALYZER_NUMBER_OBJECT_CONVERSION = YES_AGGRESSIVE;
				CLANG_CXX_LANGUAGE_STANDARD = "gnu++14";
				CLANG_CXX_LIBRARY = "libc++";
				CLANG_ENABLE_MODULES = YES;
				CLANG_ENABLE_OBJC_ARC = YES;
				CLANG_ENABLE_OBJC_WEAK = YES;
				CLANG_WARN_BLOCK_CAPTURE_AUTORELEASING = YES;
				CLANG_WARN_BOOL_CONVERSION = YES;
				CLANG_WARN_COMMA = YES;
				CLANG_WARN_CONSTANT_CONVERSION = YES;
				CLANG_WARN_DEPRECATED_OBJC_IMPLEMENTATIONS = YES;
				CLANG_WARN_DIRECT_OBJC_ISA_USAGE = YES_ERROR;
				CLANG_WARN_DOCUMENTATION_COMMENTS = YES;
				CLANG_WARN_EMPTY_BODY = YES;
				CLANG_WARN_ENUM_CONVERSION = YES;
				CLANG_WARN_INFINITE_RECURSION = YES;
				CLANG_WARN_INT_CONVERSION = YES;
				CLANG_WARN_NON_LITERAL_NULL_CONVERSION = YES;
				CLANG_WARN_OBJC_IMPLICIT_RETAIN_SELF = YES;
				CLANG_WARN_OBJC_LITERAL_CONVERSION = YES;
				CLANG_WARN_OBJC_ROOT_CLASS = YES_ERROR;
				CLANG_WARN_RANGE_LOOP_ANALYSIS = YES;
				CLANG_WARN_STRICT_PROTOTYPES = YES;
				CLANG_WARN_SUSPICIOUS_MOVE = YES;
				CLANG_WARN_UNGUARDED_AVAILABILITY = YES_AGGRESSIVE;
				CLANG_WARN_UNREACHABLE_CODE = YES;
				CLANG_WARN__DUPLICATE_METHOD_MATCH = YES;
				COPY_PHASE_STRIP = NO;
				DEBUG_INFORMATION_FORMAT = "dwarf-with-dsym";
				ENABLE_NS_ASSERTIONS = NO;
				ENABLE_STRICT_OBJC_MSGSEND = YES;
				GCC_C_LANGUAGE_STANDARD = gnu11;
				GCC_NO_COMMON_BLOCKS = YES;
				GCC_WARN_64_TO_32_BIT_CONVERSION = YES;
				GCC_WARN_ABOUT_RETURN_TYPE = YES_ERROR;
				GCC_WARN_UNDECLARED_SELECTOR = YES;
				GCC_WARN_UNINITIALIZED_AUTOS = YES_AGGRESSIVE;
				GCC_WARN_UNUSED_FUNCTION = YES;
				GCC_WARN_UNUSED_VARIABLE = YES;
				IPHONEOS_DEPLOYMENT_TARGET = 13.5;
				MTL_ENABLE_DEBUG_INFO = NO;
				MTL_FAST_MATH = YES;
				SDKROOT = iphoneos;
				SWIFT_COMPILATION_MODE = wholemodule;
				SWIFT_OPTIMIZATION_LEVEL = "-O";
				VALIDATE_PRODUCT = YES;
			};
			name = Release;
		};
		FB76A38824E592D000D54F35 /* Debug */ = {
			isa = XCBuildConfiguration;
			baseConfigurationReference = 7D0637ABFF2260E5BBBB00A7 /* Pods-FortuneSpin.debug.xcconfig */;
			buildSettings = {
				ASSETCATALOG_COMPILER_APPICON_NAME = AppIcon;
				CODE_SIGN_STYLE = Automatic;
				INFOPLIST_FILE = FortuneSpin/Info.plist;
				LD_RUNPATH_SEARCH_PATHS = (
					"$(inherited)",
					"@executable_path/Frameworks",
				);
				PRODUCT_BUNDLE_IDENTIFIER = hosituan.work.FortuneSpin;
				PRODUCT_NAME = "$(TARGET_NAME)";
				SWIFT_VERSION = 5.0;
				TARGETED_DEVICE_FAMILY = "1,2";
			};
			name = Debug;
		};
		FB76A38924E592D000D54F35 /* Release */ = {
			isa = XCBuildConfiguration;
			baseConfigurationReference = 765F3DA97B523DE8086E9839 /* Pods-FortuneSpin.release.xcconfig */;
			buildSettings = {
				ASSETCATALOG_COMPILER_APPICON_NAME = AppIcon;
				CODE_SIGN_STYLE = Automatic;
				INFOPLIST_FILE = FortuneSpin/Info.plist;
				LD_RUNPATH_SEARCH_PATHS = (
					"$(inherited)",
					"@executable_path/Frameworks",
				);
				PRODUCT_BUNDLE_IDENTIFIER = hosituan.work.FortuneSpin;
				PRODUCT_NAME = "$(TARGET_NAME)";
				SWIFT_VERSION = 5.0;
				TARGETED_DEVICE_FAMILY = "1,2";
			};
			name = Release;
		};
/* End XCBuildConfiguration section */

/* Begin XCConfigurationList section */
		FB76A36E24E592CE00D54F35 /* Build configuration list for PBXProject "FortuneSpin" */ = {
			isa = XCConfigurationList;
			buildConfigurations = (
				FB76A38524E592D000D54F35 /* Debug */,
				FB76A38624E592D000D54F35 /* Release */,
			);
			defaultConfigurationIsVisible = 0;
			defaultConfigurationName = Release;
		};
		FB76A38724E592D000D54F35 /* Build configuration list for PBXNativeTarget "FortuneSpin" */ = {
			isa = XCConfigurationList;
			buildConfigurations = (
				FB76A38824E592D000D54F35 /* Debug */,
				FB76A38924E592D000D54F35 /* Release */,
			);
			defaultConfigurationIsVisible = 0;
			defaultConfigurationName = Release;
		};
/* End XCConfigurationList section */
	};
	rootObject = FB76A36B24E592CE00D54F35 /* Project object */;
}
